
Microsoft Visual Studio Solution File, Format Version 12.00
# Visual Studio Version 17
VisualStudioVersion = 17.5.33424.131
MinimumVisualStudioVersion = 10.0.40219.1
Project("{9A19103F-16F7-4668-BE54-9A1E7A4F7556}") = "WebApplicationStandAuto", "WebApplicationStandAuto\WebApplicationStandAuto.csproj", "{B3F467A8-7E71-47C7-AE81-FDF78CA0DFFC}"
EndProject
Global
	GlobalSection(SolutionConfigurationPlatforms) = preSolution
		Debug|Any CPU = Debug|Any CPU
		Release|Any CPU = Release|Any CPU
	EndGlobalSection
	GlobalSection(ProjectConfigurationPlatforms) = postSolution
		{B3F467A8-7E71-47C7-AE81-FDF78CA0DFFC}.Debug|Any CPU.ActiveCfg = Debug|Any CPU
		{B3F467A8-7E71-47C7-AE81-FDF78CA0DFFC}.Debug|Any CPU.Build.0 = Debug|Any CPU
		{B3F467A8-7E71-47C7-AE81-FDF78CA0DFFC}.Release|Any CPU.ActiveCfg = Release|Any CPU
		{B3F467A8-7E71-47C7-AE81-FDF78CA0DFFC}.Release|Any CPU.Build.0 = Release|Any CPU
	EndGlobalSection
	GlobalSection(SolutionProperties) = preSolution
		HideSolutionNode = FALSE
	EndGlobalSection
	GlobalSection(ExtensibilityGlobals) = postSolution
		SolutionGuid = {BCF73834-9C12-401D-A45E-D67FA0079018}
	EndGlobalSection
EndGlobal
